
Microsoft Visual Studio Solution File, Format Version 12.00
# Visual Studio Version 16
VisualStudioVersion = 16.0.29613.14
MinimumVisualStudioVersion = 10.0.40219.1
Project("{FAE04EC0-301F-11D3-BF4B-00C04F79EFBC}") = "Arkitekten", "Arkitekten\Arkitekten.csproj", "{8790426B-3E99-4059-A673-C1CCBA38689D}"
EndProject
Global
	GlobalSection(SolutionConfigurationPlatforms) = preSolution
		Debug|Any CPU = Debug|Any CPU
		Release|Any CPU = Release|Any CPU
	EndGlobalSection
	GlobalSection(ProjectConfigurationPlatforms) = postSolution
		{8790426B-3E99-4059-A673-C1CCBA38689D}.Debug|Any CPU.ActiveCfg = Debug|Any CPU
		{8790426B-3E99-4059-A673-C1CCBA38689D}.Debug|Any CPU.Build.0 = Debug|Any CPU
		{8790426B-3E99-4059-A673-C1CCBA38689D}.Release|Any CPU.ActiveCfg = Release|Any CPU
		{8790426B-3E99-4059-A673-C1CCBA38689D}.Release|Any CPU.Build.0 = Release|Any CPU
	EndGlobalSection
	GlobalSection(SolutionProperties) = preSolution
		HideSolutionNode = FALSE
	EndGlobalSection
	GlobalSection(ExtensibilityGlobals) = postSolution
		SolutionGuid = {8E691E5E-A731-4525-A703-F6CBE9E39BCC}
	EndGlobalSection
EndGlobal
